# THIS IS AN AUTOGENERATED FILE. DO NOT EDIT THIS FILE DIRECTLY.
# yarn lockfile v1


"@next/env@13.4.6-canary.0":
  version "13.4.6-canary.0"
  resolved "https://registry.yarnpkg.com/@next/env/-/env-13.4.6-canary.0.tgz#9bfb1abcdc9fde2db87542713897815f8fa988d7"
  integrity sha512-lE/Gifnv5LKxAphkP6DexvxnbRjcIYEd2iRCbVhnVoXXMomw6Ctt5aRe562nCWKRgDsVgOYtPx3KXo2wCXYwvQ==

"@next/swc-darwin-arm64@13.4.6-canary.0":
  version "13.4.6-canary.0"
  resolved "https://registry.yarnpkg.com/@next/swc-darwin-arm64/-/swc-darwin-arm64-13.4.6-canary.0.tgz#ea6b69bfae3b754954b601f37bdbfe458a82f56e"
  integrity sha512-nAGUMyF7p51iwwT3N2XpH5rEJ0p4aFm5smfC8Pj1zUmWI7n8Mc6pn63LtMNHAfcp2j0rB+d86h0CSXBGmS2toQ==

"@next/swc-darwin-x64@13.4.6-canary.0":
  version "13.4.6-canary.0"
  resolved "https://registry.yarnpkg.com/@next/swc-darwin-x64/-/swc-darwin-x64-13.4.6-canary.0.tgz#aa1f8f8d4da486cdae84f39d7987984ff553f524"
  integrity sha512-k8Ty+c8OCFDtQW510OKIZHFq3CkmDhi/+a95B71wt7lQ8TryzERBs5DUPlLc+UXekfP0Rfv7qZhCCEqyzdWBKw==

"@next/swc-linux-arm64-gnu@13.4.6-canary.0":
  version "13.4.6-canary.0"
  resolved "https://registry.yarnpkg.com/@next/swc-linux-arm64-gnu/-/swc-linux-arm64-gnu-13.4.6-canary.0.tgz#d8197ba2cc409f529216c582305ea92baf9d5ce2"
  integrity sha512-LeemjDy+J09qaqJtkHRrj2eHdajK7lXvjVBcvKPhbSgiLwUXeDMXPOFt5GaRp3421M1ArtqDHAVViJl12kldaQ==

"@next/swc-linux-arm64-musl@13.4.6-canary.0":
  version "13.4.6-canary.0"
  resolved "https://registry.yarnpkg.com/@next/swc-linux-arm64-musl/-/swc-linux-arm64-musl-13.4.6-canary.0.tgz#7adf17d403688bfe1f02d8b8a97ffcfdad85ea09"
  integrity sha512-abmWZBVd796/53oUj22pzUq5tlxtEWEVcfssl3k+VXTgK7zRxCFFp1kNtcLQYoV8qRKrE21q/raEzTgfTurwmg==

"@next/swc-linux-x64-gnu@13.4.6-canary.0":
  version "13.4.6-canary.0"
  resolved "https://registry.yarnpkg.com/@next/swc-linux-x64-gnu/-/swc-linux-x64-gnu-13.4.6-canary.0.tgz#680a1e021d937166b329192c7ef091e8bece1bb4"
  integrity sha512-72Sz3BCtnSbzhewOs8Uuh9Z9b/auy0acuFzKVakWx4t8kL1bhdw9ibMNHDyAHcDwPSmPUF+kJCyIrlajHmVCwQ==

"@next/swc-linux-x64-musl@13.4.6-canary.0":
  version "13.4.6-canary.0"
  resolved "https://registry.yarnpkg.com/@next/swc-linux-x64-musl/-/swc-linux-x64-musl-13.4.6-canary.0.tgz#5f4babfce21c0d615641b13b136fa8d357a98dc1"
  integrity sha512-BG48ATo+1So/SpadH2yXlns+E2y8shyUVIXEr5AEJKk7x6wGut/QL47wMvUtQr9j2Dp1RYdwaD/NmJQ+gNin9w==

"@next/swc-win32-arm64-msvc@13.4.6-canary.0":
  version "13.4.6-canary.0"
  resolved "https://registry.yarnpkg.com/@next/swc-win32-arm64-msvc/-/swc-win32-arm64-msvc-13.4.6-canary.0.tgz#c08408509f6da70775a2d614bd7611ba40195655"
  integrity sha512-HDqO0QQuX6Vq/kuercgqR/ymg0eSU+3gxbp+tikfTbjNr3AoQ4FpWR60l9N8I+G+36UZKKGfC4XM+ARxVlNBsA==

"@next/swc-win32-ia32-msvc@13.4.6-canary.0":
  version "13.4.6-canary.0"
  resolved "https://registry.yarnpkg.com/@next/swc-win32-ia32-msvc/-/swc-win32-ia32-msvc-13.4.6-canary.0.tgz#1195b2b649d122bccc69fdd0c146f3df166ce520"
  integrity sha512-iUHtAFX7V/9+rji1MvL3WmcbYEptEsgWJWZeMCGkuNJDkdWgwjxDidR2s0y2IaSZ2JlLtFi/ZIDE9yJvZADyQA==

"@next/swc-win32-x64-msvc@13.4.6-canary.0":
  version "13.4.6-canary.0"
  resolved "https://registry.yarnpkg.com/@next/swc-win32-x64-msvc/-/swc-win32-x64-msvc-13.4.6-canary.0.tgz#5eef4932992ec0c79fac5809ae0f340c3a71517d"
  integrity sha512-ceDJkkIgoIlKtq+uk0Rujik3+QF9PFu36aXurxV4OHsN+mLaAGdddqaQ4X6sDCVEit3geOAtdBuNYpXpTbNgVA==

"@swc/helpers@0.5.1":
  version "0.5.1"
  resolved "https://registry.npmjs.org/@swc/helpers/-/helpers-0.5.1.tgz"
  integrity sha512-sJ902EfIzn1Fa+qYmjdQqh8tPsoxyBz+8yBKC2HKUxyezKJFwPGOn7pv4WY6QuQW//ySQi5lJjA/ZT9sNWWNTg==
  dependencies:
    tslib "^2.4.0"

"@types/node@20.2.5":
  version "20.2.5"
  resolved "https://registry.npmjs.org/@types/node/-/node-20.2.5.tgz"
  integrity sha512-JJulVEQXmiY9Px5axXHeYGLSjhkZEnD+MDPDGbCbIAbMslkKwmygtZFy1X6s/075Yo94sf8GuSlFfPzysQrWZQ==

"@types/prop-types@*":
  version "15.7.5"
  resolved "https://registry.npmjs.org/@types/prop-types/-/prop-types-15.7.5.tgz"
  integrity sha512-JCB8C6SnDoQf0cNycqd/35A7MjcnK+ZTqE7judS6o7utxUCg6imJg3QK2qzHKszlTjcj2cn+NwMB2i96ubpj7w==

"@types/react-dom@18.2.4":
  version "18.2.4"
  resolved "https://registry.npmjs.org/@types/react-dom/-/react-dom-18.2.4.tgz"
  integrity sha512-G2mHoTMTL4yoydITgOGwWdWMVd8sNgyEP85xVmMKAPUBwQWm9wBPQUmvbeF4V3WBY1P7mmL4BkjQ0SqUpf1snw==
  dependencies:
    "@types/react" "*"

"@types/react@*", "@types/react@18.2.7":
  version "18.2.7"
  resolved "https://registry.npmjs.org/@types/react/-/react-18.2.7.tgz"
  integrity sha512-ojrXpSH2XFCmHm7Jy3q44nXDyN54+EYKP2lBhJ2bqfyPj6cIUW/FZW/Csdia34NQgq7KYcAlHi5184m4X88+yw==
  dependencies:
    "@types/prop-types" "*"
    "@types/scheduler" "*"
    csstype "^3.0.2"

"@types/scheduler@*":
  version "0.16.3"
  resolved "https://registry.npmjs.org/@types/scheduler/-/scheduler-0.16.3.tgz"
  integrity sha512-5cJ8CB4yAx7BH1oMvdU0Jh9lrEXyPkar6F9G/ERswkCuvP4KQZfZkSjcMbAICCpQTN4OuZn8tz0HiKv9TGZgrQ==

bootstrap@^5.3.0:
  version "5.3.0"
  resolved "https://registry.npmjs.org/bootstrap/-/bootstrap-5.3.0.tgz"
  integrity sha512-UnBV3E3v4STVNQdms6jSGO2CvOkjUMdDAVR2V5N4uCMdaIkaQjbcEAMqRimDHIs4uqBYzDAKCQwCB+97tJgHQw==

busboy@1.6.0:
  version "1.6.0"
  resolved "https://registry.npmjs.org/busboy/-/busboy-1.6.0.tgz"
  integrity sha512-8SFQbg/0hQ9xy3UNTB0YEnsNBbWfhf7RtnzpL7TkBiTBRfrQ9Fxcnz7VJsleJpyp6rVLvXiuORqjlHi5q+PYuA==
  dependencies:
    streamsearch "^1.1.0"

caniuse-lite@^1.0.30001406:
  version "1.0.30001492"
  resolved "https://registry.npmjs.org/caniuse-lite/-/caniuse-lite-1.0.30001492.tgz"
  integrity sha512-2efF8SAZwgAX1FJr87KWhvuJxnGJKOnctQa8xLOskAXNXq8oiuqgl6u1kk3fFpsp3GgvzlRjiK1sl63hNtFADw==

client-only@0.0.1:
  version "0.0.1"
  resolved "https://registry.npmjs.org/client-only/-/client-only-0.0.1.tgz"
  integrity sha512-IV3Ou0jSMzZrd3pZ48nLkT9DA7Ag1pnPzaiQhpW7c3RbcqqzvzzVu+L8gfqMp/8IM2MQtSiqaCxrrcfu8I8rMA==

csstype@^3.0.2:
  version "3.1.2"
  resolved "https://registry.npmjs.org/csstype/-/csstype-3.1.2.tgz"
  integrity sha512-I7K1Uu0MBPzaFKg4nI5Q7Vs2t+3gWWW648spaF+Rg7pI9ds18Ugn+lvg4SHczUdKlHI5LWBXyqfS8+DufyBsgQ==

glob-to-regexp@^0.4.1:
  version "0.4.1"
  resolved "https://registry.yarnpkg.com/glob-to-regexp/-/glob-to-regexp-0.4.1.tgz#c75297087c851b9a578bd217dd59a92f59fe546e"
  integrity sha512-lkX1HJXwyMcprw/5YUZc2s7DrpAiHB21/V+E1rHUrVNokkvB6bqMzT0VfV6/86ZNabt1k14YOIaT7nDvOX3Iiw==

graceful-fs@^4.1.2:
  version "4.2.11"
  resolved "https://registry.yarnpkg.com/graceful-fs/-/graceful-fs-4.2.11.tgz#4183e4e8bf08bb6e05bbb2f7d2e0c8f712ca40e3"
  integrity sha512-RbJ5/jmFcNNCcDV5o9eTnBLJ/HszWV0P73bc+Ff4nS/rJj+YaS6IGyiOL0VoBYX+l1Wrl3k63h/KrH+nhJ0XvQ==

"js-tokens@^3.0.0 || ^4.0.0":
  version "4.0.0"
  resolved "https://registry.npmjs.org/js-tokens/-/js-tokens-4.0.0.tgz"
  integrity sha512-RdJUflcE3cUzKiMqQgsCu06FPu9UdIJO0beYbPhHN4k6apgJtifcoCtT9bcxOpYBtpD2kCM6Sbzg4CausW/PKQ==

loose-envify@^1.1.0:
  version "1.4.0"
  resolved "https://registry.npmjs.org/loose-envify/-/loose-envify-1.4.0.tgz"
  integrity sha512-lyuxPGr/Wfhrlem2CL/UcnUc1zcqKAImBDzukY7Y5F/yQiNdko6+fRLevlw1HgMySw7f611UIY408EtxRSoK3Q==
  dependencies:
    js-tokens "^3.0.0 || ^4.0.0"

nanoid@^3.3.4:
  version "3.3.6"
  resolved "https://registry.npmjs.org/nanoid/-/nanoid-3.3.6.tgz"
  integrity sha512-BGcqMMJuToF7i1rt+2PWSNVnWIkGCU78jBG3RxO/bZlnZPK2Cmi2QaffxGO/2RvWi9sL+FAiRiXMgsyxQ1DIDA==

next@^13.4.6-canary.0:
  version "13.4.6-canary.0"
  resolved "https://registry.yarnpkg.com/next/-/next-13.4.6-canary.0.tgz#4f29c9e73797a7a9a8c082150622e4d8460ec79a"
  integrity sha512-pqgkMWjBEztAxwliGS8xlJiYez2oM/1taD4XLLHqzMkzvQBdYZ0dl4d2MVZbXraNTQ6PXcs8kVKceqXAwbXtLw==
  dependencies:
    "@next/env" "13.4.6-canary.0"
    "@swc/helpers" "0.5.1"
    busboy "1.6.0"
    caniuse-lite "^1.0.30001406"
    postcss "8.4.14"
    styled-jsx "5.1.1"
    watchpack "2.4.0"
    zod "3.21.4"
  optionalDependencies:
    "@next/swc-darwin-arm64" "13.4.6-canary.0"
    "@next/swc-darwin-x64" "13.4.6-canary.0"
    "@next/swc-linux-arm64-gnu" "13.4.6-canary.0"
    "@next/swc-linux-arm64-musl" "13.4.6-canary.0"
    "@next/swc-linux-x64-gnu" "13.4.6-canary.0"
    "@next/swc-linux-x64-musl" "13.4.6-canary.0"
    "@next/swc-win32-arm64-msvc" "13.4.6-canary.0"
    "@next/swc-win32-ia32-msvc" "13.4.6-canary.0"
    "@next/swc-win32-x64-msvc" "13.4.6-canary.0"

picocolors@^1.0.0:
  version "1.0.0"
  resolved "https://registry.npmjs.org/picocolors/-/picocolors-1.0.0.tgz"
  integrity sha512-1fygroTLlHu66zi26VoTDv8yRgm0Fccecssto+MhsZ0D/DGW2sm8E8AjW7NU5VVTRt5GxbeZ5qBuJr+HyLYkjQ==

postcss@8.4.14:
  version "8.4.14"
  resolved "https://registry.npmjs.org/postcss/-/postcss-8.4.14.tgz"
  integrity sha512-E398TUmfAYFPBSdzgeieK2Y1+1cpdxJx8yXbK/m57nRhKSmk1GB2tO4lbLBtlkfPQTDKfe4Xqv1ASWPpayPEig==
  dependencies:
    nanoid "^3.3.4"
    picocolors "^1.0.0"
    source-map-js "^1.0.2"

react-dom@^18.2.0:
  version "18.2.0"
  resolved "https://registry.npmjs.org/react-dom/-/react-dom-18.2.0.tgz"
  integrity sha512-6IMTriUmvsjHUjNtEDudZfuDQUoWXVxKHhlEGSk81n4YFS+r/Kl99wXiwlVXtPBtJenozv2P+hxDsw9eA7Xo6g==
  dependencies:
    loose-envify "^1.1.0"
    scheduler "^0.23.0"

react-icons@^4.9.0:
  version "4.9.0"
  resolved "https://registry.npmjs.org/react-icons/-/react-icons-4.9.0.tgz"
  integrity sha512-ijUnFr//ycebOqujtqtV9PFS7JjhWg0QU6ykURVHuL4cbofvRCf3f6GMn9+fBktEFQOIVZnuAYLZdiyadRQRFg==

react@18.2.0:
  version "18.2.0"
  resolved "https://registry.npmjs.org/react/-/react-18.2.0.tgz"
  integrity sha512-/3IjMdb2L9QbBdWiW5e3P2/npwMBaU9mHCSCUzNln0ZCYbcfTsGbTJrU/kGemdH2IWmB2ioZ+zkxtmq6g09fGQ==
  dependencies:
    loose-envify "^1.1.0"

scheduler@^0.23.0:
  version "0.23.0"
  resolved "https://registry.npmjs.org/scheduler/-/scheduler-0.23.0.tgz"
  integrity sha512-CtuThmgHNg7zIZWAXi3AsyIzA3n4xx7aNyjwC2VJldO2LMVDhFK+63xGqq6CsJH4rTAt6/M+N4GhZiDYPx9eUw==
  dependencies:
    loose-envify "^1.1.0"

source-map-js@^1.0.2:
  version "1.0.2"
  resolved "https://registry.npmjs.org/source-map-js/-/source-map-js-1.0.2.tgz"
  integrity sha512-R0XvVJ9WusLiqTCEiGCmICCMplcCkIwwR11mOSD9CR5u+IXYdiseeEuXCVAjS54zqwkLcPNnmU4OeJ6tUrWhDw==

streamsearch@^1.1.0:
  version "1.1.0"
  resolved "https://registry.npmjs.org/streamsearch/-/streamsearch-1.1.0.tgz"
  integrity sha512-Mcc5wHehp9aXz1ax6bZUyY5afg9u2rv5cqQI3mRrYkGC8rW2hM02jWuwjtL++LS5qinSyhj2QfLyNsuc+VsExg==

styled-jsx@5.1.1:
  version "5.1.1"
  resolved "https://registry.npmjs.org/styled-jsx/-/styled-jsx-5.1.1.tgz"
  integrity sha512-pW7uC1l4mBZ8ugbiZrcIsiIvVx1UmTfw7UkC3Um2tmfUq9Bhk8IiyEIPl6F8agHgjzku6j0xQEZbfA5uSgSaCw==
  dependencies:
    client-only "0.0.1"

tslib@^2.4.0:
  version "2.5.2"
  resolved "https://registry.npmjs.org/tslib/-/tslib-2.5.2.tgz"
  integrity sha512-5svOrSA2w3iGFDs1HibEVBGbDrAY82bFQ3HZ3ixB+88nsbsWQoKqDRb5UBYAUPEzbBn6dAp5gRNXglySbx1MlA==

typescript@5.0.4:
  version "5.0.4"
  resolved "https://registry.npmjs.org/typescript/-/typescript-5.0.4.tgz"
  integrity sha512-cW9T5W9xY37cc+jfEnaUvX91foxtHkza3Nw3wkoF4sSlKn0MONdkdEndig/qPBWXNkmplh3NzayQzCiHM4/hqw==

watchpack@2.4.0:
  version "2.4.0"
  resolved "https://registry.yarnpkg.com/watchpack/-/watchpack-2.4.0.tgz#fa33032374962c78113f93c7f2fb4c54c9862a5d"
  integrity sha512-Lcvm7MGST/4fup+ifyKi2hjyIAwcdI4HRgtvTpIUxBRhB+RFtUh8XtDOxUfctVCnhVi+QQj49i91OyvzkJl6cg==
  dependencies:
    glob-to-regexp "^0.4.1"
    graceful-fs "^4.1.2"

zod@3.21.4:
  version "3.21.4"
  resolved "https://registry.npmjs.org/zod/-/zod-3.21.4.tgz"
  integrity sha512-m46AKbrzKVzOzs/DZgVnG5H55N1sv1M8qZU3A8RIKbs3mrACDNeIOeilDymVb2HdmP8uwshOCF4uJ8uM9rCqJw==
